
Microsoft Visual Studio Solution File, Format Version 12.00
# Visual Studio Version 16
VisualStudioVersion = 16.0.31624.102
MinimumVisualStudioVersion = 10.0.40219.1
Project("{FAE04EC0-301F-11D3-BF4B-00C04F79EFBC}") = "UnitTestApp", "UnitTestApp\UnitTestApp.csproj", "{B04CCA3D-AA04-4332-876A-B45A9F82A8EA}"
EndProject
Project("{FAE04EC0-301F-11D3-BF4B-00C04F79EFBC}") = "UnitTestApp.Models", "UnitTestApp.Models\UnitTestApp.Models.csproj", "{C166F327-70D0-4483-BFA8-EE1664A801F6}"
EndProject
Project("{FAE04EC0-301F-11D3-BF4B-00C04F79EFBC}") = "UnitTestApp.Controllers", "UnitTestApp.Controllers\UnitTestApp.Controllers.csproj", "{03FE39DE-620B-42D1-928F-7FEB05315E49}"
EndProject
Project("{FAE04EC0-301F-11D3-BF4B-00C04F79EFBC}") = "UnitTestApp.Tests", "UnitTestApp.Tests\UnitTestApp.Tests.csproj", "{15906F30-0954-4A22-99B5-28C939DDCF94}"
EndProject
Global
	GlobalSection(SolutionConfigurationPlatforms) = preSolution
		Debug|Any CPU = Debug|Any CPU
		Release|Any CPU = Release|Any CPU
	EndGlobalSection
	GlobalSection(ProjectConfigurationPlatforms) = postSolution
		{B04CCA3D-AA04-4332-876A-B45A9F82A8EA}.Debug|Any CPU.ActiveCfg = Debug|Any CPU
		{B04CCA3D-AA04-4332-876A-B45A9F82A8EA}.Debug|Any CPU.Build.0 = Debug|Any CPU
		{B04CCA3D-AA04-4332-876A-B45A9F82A8EA}.Release|Any CPU.ActiveCfg = Release|Any CPU
		{B04CCA3D-AA04-4332-876A-B45A9F82A8EA}.Release|Any CPU.Build.0 = Release|Any CPU
		{C166F327-70D0-4483-BFA8-EE1664A801F6}.Debug|Any CPU.ActiveCfg = Debug|Any CPU
		{C166F327-70D0-4483-BFA8-EE1664A801F6}.Debug|Any CPU.Build.0 = Debug|Any CPU
		{C166F327-70D0-4483-BFA8-EE1664A801F6}.Release|Any CPU.ActiveCfg = Release|Any CPU
		{C166F327-70D0-4483-BFA8-EE1664A801F6}.Release|Any CPU.Build.0 = Release|Any CPU
		{03FE39DE-620B-42D1-928F-7FEB05315E49}.Debug|Any CPU.ActiveCfg = Debug|Any CPU
		{03FE39DE-620B-42D1-928F-7FEB05315E49}.Debug|Any CPU.Build.0 = Debug|Any CPU
		{03FE39DE-620B-42D1-928F-7FEB05315E49}.Release|Any CPU.ActiveCfg = Release|Any CPU
		{03FE39DE-620B-42D1-928F-7FEB05315E49}.Release|Any CPU.Build.0 = Release|Any CPU
		{15906F30-0954-4A22-99B5-28C939DDCF94}.Debug|Any CPU.ActiveCfg = Debug|Any CPU
		{15906F30-0954-4A22-99B5-28C939DDCF94}.Debug|Any CPU.Build.0 = Debug|Any CPU
		{15906F30-0954-4A22-99B5-28C939DDCF94}.Release|Any CPU.ActiveCfg = Release|Any CPU
		{15906F30-0954-4A22-99B5-28C939DDCF94}.Release|Any CPU.Build.0 = Release|Any CPU
	EndGlobalSection
	GlobalSection(SolutionProperties) = preSolution
		HideSolutionNode = FALSE
	EndGlobalSection
	GlobalSection(ExtensibilityGlobals) = postSolution
		SolutionGuid = {22B668E0-29B8-400A-B45C-C1E60DBFFA1F}
	EndGlobalSection
EndGlobal
